
Microsoft Visual Studio Solution File, Format Version 12.00
# Visual Studio Version 17
VisualStudioVersion = 17.0.31903.59
MinimumVisualStudioVersion = 10.0.40219.1
Project("{2150E333-8FDC-42A3-9474-1A3956D46DE8}") = "Services", "Services", "{0AE485F6-E34F-4AB1-8610-C3E416D1DAD7}"
EndProject
Project("{2150E333-8FDC-42A3-9474-1A3956D46DE8}") = "Catalog", "Catalog", "{628DD377-6122-4770-BF56-232A87EE91AE}"
EndProject
Project("{FAE04EC0-301F-11D3-BF4B-00C04F79EFBC}") = "Catalog.API", "Services\Catalog\Catalog.API\Catalog.API.csproj", "{D91B51FA-27BE-4D9D-A741-3441A5E2FE96}"
EndProject
Global
	GlobalSection(SolutionConfigurationPlatforms) = preSolution
		Debug|Any CPU = Debug|Any CPU
		Release|Any CPU = Release|Any CPU
	EndGlobalSection
	GlobalSection(SolutionProperties) = preSolution
		HideSolutionNode = FALSE
	EndGlobalSection
	GlobalSection(ProjectConfigurationPlatforms) = postSolution
		{D91B51FA-27BE-4D9D-A741-3441A5E2FE96}.Debug|Any CPU.ActiveCfg = Debug|Any CPU
		{D91B51FA-27BE-4D9D-A741-3441A5E2FE96}.Debug|Any CPU.Build.0 = Debug|Any CPU
		{D91B51FA-27BE-4D9D-A741-3441A5E2FE96}.Release|Any CPU.ActiveCfg = Release|Any CPU
		{D91B51FA-27BE-4D9D-A741-3441A5E2FE96}.Release|Any CPU.Build.0 = Release|Any CPU
	EndGlobalSection
	GlobalSection(NestedProjects) = preSolution
		{628DD377-6122-4770-BF56-232A87EE91AE} = {0AE485F6-E34F-4AB1-8610-C3E416D1DAD7}
		{D91B51FA-27BE-4D9D-A741-3441A5E2FE96} = {628DD377-6122-4770-BF56-232A87EE91AE}
	EndGlobalSection
EndGlobal
